Microsoft Visual Studio Solution File, Format Version 11.00
# Visual Studio 2008

Project("{AD29C7FD-134A-9E04-E937-E52A3A6CCAF6}") = "BirdAttack", "Assembly-CSharp.csproj", "{B2031C20-C772-E690-2E8C-0DED436EC352}"
EndProject
Global
	GlobalSection(SolutionConfigurationPlatforms) = preSolution
		Debug|Any CPU = Debug|Any CPU
		Release|Any CPU = Release|Any CPU
	EndGlobalSection
	GlobalSection(ProjectConfigurationPlatforms) = postSolution
		{B2031C20-C772-E690-2E8C-0DED436EC352}.Debug|Any CPU.ActiveCfg = Debug|Any CPU
		{B2031C20-C772-E690-2E8C-0DED436EC352}.Debug|Any CPU.Build.0 = Debug|Any CPU
		{B2031C20-C772-E690-2E8C-0DED436EC352}.Release|Any CPU.ActiveCfg = Release|Any CPU
		{B2031C20-C772-E690-2E8C-0DED436EC352}.Release|Any CPU.Build.0 = Release|Any CPU
	EndGlobalSection
	GlobalSection(SolutionProperties) = preSolution
		HideSolutionNode = FALSE
	EndGlobalSection
	GlobalSection(MonoDevelopProperties) = preSolution
		StartupItem = Assembly-CSharp.csproj
	EndGlobalSection
EndGlobal
